
Microsoft Visual Studio Solution File, Format Version 12.00
# Visual Studio Version 17
VisualStudioVersion = 17.14.36623.8 d17.14
MinimumVisualStudioVersion = 10.0.40219.1
Project("{FAE04EC0-301F-11D3-BF4B-00C04F79EFBC}") = "portofolio", "portofolio.csproj", "{876964D6-1571-41E5-832C-0DD25EF1BAD0}"
EndProject
Global
	GlobalSection(SolutionConfigurationPlatforms) = preSolution
		Debug|Any CPU = Debug|Any CPU
		Release|Any CPU = Release|Any CPU
	EndGlobalSection
	GlobalSection(ProjectConfigurationPlatforms) = postSolution
		{876964D6-1571-41E5-832C-0DD25EF1BAD0}.Debug|Any CPU.ActiveCfg = Debug|Any CPU
		{876964D6-1571-41E5-832C-0DD25EF1BAD0}.Debug|Any CPU.Build.0 = Debug|Any CPU
		{876964D6-1571-41E5-832C-0DD25EF1BAD0}.Release|Any CPU.ActiveCfg = Release|Any CPU
		{876964D6-1571-41E5-832C-0DD25EF1BAD0}.Release|Any CPU.Build.0 = Release|Any CPU
	EndGlobalSection
	GlobalSection(SolutionProperties) = preSolution
		HideSolutionNode = FALSE
	EndGlobalSection
	GlobalSection(ExtensibilityGlobals) = postSolution
		SolutionGuid = {ACCD7B0F-DC4F-4D42-AE41-F7CD6A0115E0}
	EndGlobalSection
EndGlobal
